
Microsoft Visual Studio Solution File, Format Version 12.00
# Visual Studio Version 17
VisualStudioVersion = 17.13.35825.156 d17.13
MinimumVisualStudioVersion = 10.0.40219.1
Project("{FAE04EC0-301F-11D3-BF4B-00C04F79EFBC}") = "OdidoDemo", "OdidoDemo\OdidoDemo.csproj", "{59E493B2-0B5A-434E-AAFB-34AAEA497C65}"
EndProject
Project("{FAE04EC0-301F-11D3-BF4B-00C04F79EFBC}") = "DelegateDemo", "DelegateDemo\DelegateDemo.csproj", "{313C162C-BBB5-4324-A68C-D39B8C97C029}"
EndProject
Project("{FAE04EC0-301F-11D3-BF4B-00C04F79EFBC}") = "OoDemo", "OoDemo\OoDemo.csproj", "{D290D7EA-A2FE-4ADC-9C1A-F09AC5179390}"
EndProject
Project("{FAE04EC0-301F-11D3-BF4B-00C04F79EFBC}") = "InheritanceDemo", "InheritanceDemo\InheritanceDemo.csproj", "{4F474145-D857-4867-8D75-6AEE8B598593}"
EndProject
Project("{FAE04EC0-301F-11D3-BF4B-00C04F79EFBC}") = "InterfaceDemo", "InterfaceDemo\InterfaceDemo.csproj", "{95201E16-5FB3-48FA-86F2-F8472DDF4E80}"
EndProject
Project("{FAE04EC0-301F-11D3-BF4B-00C04F79EFBC}") = "GenericDemo", "GenericDemo\GenericDemo.csproj", "{DB6B440F-CB3B-4017-A3E3-2241B34DD449}"
EndProject
Global
	GlobalSection(SolutionConfigurationPlatforms) = preSolution
		Debug|Any CPU = Debug|Any CPU
		Release|Any CPU = Release|Any CPU
	EndGlobalSection
	GlobalSection(ProjectConfigurationPlatforms) = postSolution
		{59E493B2-0B5A-434E-AAFB-34AAEA497C65}.Debug|Any CPU.ActiveCfg = Debug|Any CPU
		{59E493B2-0B5A-434E-AAFB-34AAEA497C65}.Debug|Any CPU.Build.0 = Debug|Any CPU
		{59E493B2-0B5A-434E-AAFB-34AAEA497C65}.Release|Any CPU.ActiveCfg = Release|Any CPU
		{59E493B2-0B5A-434E-AAFB-34AAEA497C65}.Release|Any CPU.Build.0 = Release|Any CPU
		{313C162C-BBB5-4324-A68C-D39B8C97C029}.Debug|Any CPU.ActiveCfg = Debug|Any CPU
		{313C162C-BBB5-4324-A68C-D39B8C97C029}.Debug|Any CPU.Build.0 = Debug|Any CPU
		{313C162C-BBB5-4324-A68C-D39B8C97C029}.Release|Any CPU.ActiveCfg = Release|Any CPU
		{313C162C-BBB5-4324-A68C-D39B8C97C029}.Release|Any CPU.Build.0 = Release|Any CPU
		{D290D7EA-A2FE-4ADC-9C1A-F09AC5179390}.Debug|Any CPU.ActiveCfg = Debug|Any CPU
		{D290D7EA-A2FE-4ADC-9C1A-F09AC5179390}.Debug|Any CPU.Build.0 = Debug|Any CPU
		{D290D7EA-A2FE-4ADC-9C1A-F09AC5179390}.Release|Any CPU.ActiveCfg = Release|Any CPU
		{D290D7EA-A2FE-4ADC-9C1A-F09AC5179390}.Release|Any CPU.Build.0 = Release|Any CPU
		{4F474145-D857-4867-8D75-6AEE8B598593}.Debug|Any CPU.ActiveCfg = Debug|Any CPU
		{4F474145-D857-4867-8D75-6AEE8B598593}.Debug|Any CPU.Build.0 = Debug|Any CPU
		{4F474145-D857-4867-8D75-6AEE8B598593}.Release|Any CPU.ActiveCfg = Release|Any CPU
		{4F474145-D857-4867-8D75-6AEE8B598593}.Release|Any CPU.Build.0 = Release|Any CPU
		{95201E16-5FB3-48FA-86F2-F8472DDF4E80}.Debug|Any CPU.ActiveCfg = Debug|Any CPU
		{95201E16-5FB3-48FA-86F2-F8472DDF4E80}.Debug|Any CPU.Build.0 = Debug|Any CPU
		{95201E16-5FB3-48FA-86F2-F8472DDF4E80}.Release|Any CPU.ActiveCfg = Release|Any CPU
		{95201E16-5FB3-48FA-86F2-F8472DDF4E80}.Release|Any CPU.Build.0 = Release|Any CPU
		{DB6B440F-CB3B-4017-A3E3-2241B34DD449}.Debug|Any CPU.ActiveCfg = Debug|Any CPU
		{DB6B440F-CB3B-4017-A3E3-2241B34DD449}.Debug|Any CPU.Build.0 = Debug|Any CPU
		{DB6B440F-CB3B-4017-A3E3-2241B34DD449}.Release|Any CPU.ActiveCfg = Release|Any CPU
		{DB6B440F-CB3B-4017-A3E3-2241B34DD449}.Release|Any CPU.Build.0 = Release|Any CPU
	EndGlobalSection
	GlobalSection(SolutionProperties) = preSolution
		HideSolutionNode = FALSE
	EndGlobalSection
	GlobalSection(ExtensibilityGlobals) = postSolution
		SolutionGuid = {1D3D7864-C2D4-4387-8190-B4F749EF42C0}
	EndGlobalSection
EndGlobal
