
Microsoft Visual Studio Solution File, Format Version 12.00
# Visual Studio Version 17
VisualStudioVersion = 17.13.35931.197
MinimumVisualStudioVersion = 10.0.40219.1
Project("{FAE04EC0-301F-11D3-BF4B-00C04F79EFBC}") = "Odido.ConsoleApplication", "Odido.ConsoleApplication\Odido.ConsoleApplication.csproj", "{FC120DEF-5664-436D-9F15-8405B314BEA3}"
EndProject
Project("{FAE04EC0-301F-11D3-BF4B-00C04F79EFBC}") = "Odido.BusinessLogic", "Odido.BusinessLogic\Odido.BusinessLogic.csproj", "{AABB1BCD-CBAA-42E3-B7A5-196FE6FA654B}"
EndProject
Project("{FAE04EC0-301F-11D3-BF4B-00C04F79EFBC}") = "Odido.DataLayer", "Odido.DataLayer\Odido.DataLayer.csproj", "{83775A44-D87D-4355-BA87-0EB4B05CE668}"
EndProject
Project("{FAE04EC0-301F-11D3-BF4B-00C04F79EFBC}") = "Odido.WebApi", "Odido.WebApi\Odido.WebApi.csproj", "{5D820D19-7D3D-4FA8-B16C-2701C5F5F894}"
EndProject
Project("{FAE04EC0-301F-11D3-BF4B-00C04F79EFBC}") = "Odido.Web", "Odido.Web\Odido.Web.csproj", "{C9651478-2CAF-40BA-8F96-F857F62FF363}"
EndProject
Global
	GlobalSection(SolutionConfigurationPlatforms) = preSolution
		Debug|Any CPU = Debug|Any CPU
		Release|Any CPU = Release|Any CPU
	EndGlobalSection
	GlobalSection(ProjectConfigurationPlatforms) = postSolution
		{FC120DEF-5664-436D-9F15-8405B314BEA3}.Debug|Any CPU.ActiveCfg = Debug|Any CPU
		{FC120DEF-5664-436D-9F15-8405B314BEA3}.Debug|Any CPU.Build.0 = Debug|Any CPU
		{FC120DEF-5664-436D-9F15-8405B314BEA3}.Release|Any CPU.ActiveCfg = Release|Any CPU
		{FC120DEF-5664-436D-9F15-8405B314BEA3}.Release|Any CPU.Build.0 = Release|Any CPU
		{AABB1BCD-CBAA-42E3-B7A5-196FE6FA654B}.Debug|Any CPU.ActiveCfg = Debug|Any CPU
		{AABB1BCD-CBAA-42E3-B7A5-196FE6FA654B}.Debug|Any CPU.Build.0 = Debug|Any CPU
		{AABB1BCD-CBAA-42E3-B7A5-196FE6FA654B}.Release|Any CPU.ActiveCfg = Release|Any CPU
		{AABB1BCD-CBAA-42E3-B7A5-196FE6FA654B}.Release|Any CPU.Build.0 = Release|Any CPU
		{83775A44-D87D-4355-BA87-0EB4B05CE668}.Debug|Any CPU.ActiveCfg = Debug|Any CPU
		{83775A44-D87D-4355-BA87-0EB4B05CE668}.Debug|Any CPU.Build.0 = Debug|Any CPU
		{83775A44-D87D-4355-BA87-0EB4B05CE668}.Release|Any CPU.ActiveCfg = Release|Any CPU
		{83775A44-D87D-4355-BA87-0EB4B05CE668}.Release|Any CPU.Build.0 = Release|Any CPU
		{5D820D19-7D3D-4FA8-B16C-2701C5F5F894}.Debug|Any CPU.ActiveCfg = Debug|Any CPU
		{5D820D19-7D3D-4FA8-B16C-2701C5F5F894}.Debug|Any CPU.Build.0 = Debug|Any CPU
		{5D820D19-7D3D-4FA8-B16C-2701C5F5F894}.Release|Any CPU.ActiveCfg = Release|Any CPU
		{5D820D19-7D3D-4FA8-B16C-2701C5F5F894}.Release|Any CPU.Build.0 = Release|Any CPU
		{C9651478-2CAF-40BA-8F96-F857F62FF363}.Debug|Any CPU.ActiveCfg = Debug|Any CPU
		{C9651478-2CAF-40BA-8F96-F857F62FF363}.Debug|Any CPU.Build.0 = Debug|Any CPU
		{C9651478-2CAF-40BA-8F96-F857F62FF363}.Release|Any CPU.ActiveCfg = Release|Any CPU
		{C9651478-2CAF-40BA-8F96-F857F62FF363}.Release|Any CPU.Build.0 = Release|Any CPU
	EndGlobalSection
	GlobalSection(SolutionProperties) = preSolution
		HideSolutionNode = FALSE
	EndGlobalSection
	GlobalSection(ExtensibilityGlobals) = postSolution
		SolutionGuid = {6BAE4AD4-8A9D-497F-8E8F-FA3B933D7DF0}
	EndGlobalSection
EndGlobal
